// !$*UTF8*$!
{
	archiveVersion = 1;
	classes = {
	};
	objectVersion = 51;
	objects = {

/* Begin PBXBuildFile section */
		1CD45F466328ECBCAD818B10 /* Pods_Movie_Application.framework in Frameworks */ = {isa = PBXBuildFile; fileRef = 63C31EA6AD6C89AA22251EF0 /* Pods_Movie_Application.framework */; };
		B134BCF9256D936000766AC4 /* Main.storyboard in Resources */ = {isa = PBXBuildFile; fileRef = B134BCF8256D936000766AC4 /* Main.storyboard */; };
		B1426B802551CC510019FE5A /* AppDelegate.swift in Sources */ = {isa = PBXBuildFile; fileRef = B1426B7F2551CC510019FE5A /* AppDelegate.swift */; };
		B1426B822551CC510019FE5A /* SceneDelegate.swift in Sources */ = {isa = PBXBuildFile; fileRef = B1426B812551CC510019FE5A /* SceneDelegate.swift */; };
		B1426B892551CC530019FE5A /* Assets.xcassets in Resources */ = {isa = PBXBuildFile; fileRef = B1426B882551CC530019FE5A /* Assets.xcassets */; };
		B1426B8C2551CC530019FE5A /* LaunchScreen.storyboard in Resources */ = {isa = PBXBuildFile; fileRef = B1426B8A2551CC530019FE5A /* LaunchScreen.storyboard */; };
		B1426B982551E4AE0019FE5A /* TVShowViewController.swift in Sources */ = {isa = PBXBuildFile; fileRef = B1426B972551E4AE0019FE5A /* TVShowViewController.swift */; };
		B1475CAE2553E83800A97B4B /* APIConstants.swift in Sources */ = {isa = PBXBuildFile; fileRef = B1475CAD2553E83800A97B4B /* APIConstants.swift */; };
		B166A34F2563EE3800B39A95 /* Movie.swift in Sources */ = {isa = PBXBuildFile; fileRef = B166A34E2563EE3800B39A95 /* Movie.swift */; };
		B16F1718255D248700D427E4 /* APIRequests.swift in Sources */ = {isa = PBXBuildFile; fileRef = B188310F2552D24700981382 /* APIRequests.swift */; };
		B17112EF257A157700D2967D /* TVShowDetails.swift in Sources */ = {isa = PBXBuildFile; fileRef = B17112EE257A157700D2967D /* TVShowDetails.swift */; };
		B172D659258B80F5007D7FF2 /* Type.swift in Sources */ = {isa = PBXBuildFile; fileRef = B172D658258B80F5007D7FF2 /* Type.swift */; };
		B172D65E258B82F5007D7FF2 /* ImageLoader.swift in Sources */ = {isa = PBXBuildFile; fileRef = B172D65D258B82F5007D7FF2 /* ImageLoader.swift */; };
		B172D662258B858B007D7FF2 /* Endpoints.swift in Sources */ = {isa = PBXBuildFile; fileRef = B172D661258B858B007D7FF2 /* Endpoints.swift */; };
		B172D668258B8645007D7FF2 /* NetworkResponse.swift in Sources */ = {isa = PBXBuildFile; fileRef = B172D667258B8645007D7FF2 /* NetworkResponse.swift */; };
		B172D66B258B8679007D7FF2 /* NetworkError.swift in Sources */ = {isa = PBXBuildFile; fileRef = B172D66A258B8679007D7FF2 /* NetworkError.swift */; };
		B172D66E258BA4B2007D7FF2 /* MovieViewController.swift in Sources */ = {isa = PBXBuildFile; fileRef = B172D66D258BA4B2007D7FF2 /* MovieViewController.swift */; };
		B172D671258BA965007D7FF2 /* MovieViewModel.swift in Sources */ = {isa = PBXBuildFile; fileRef = B172D670258BA965007D7FF2 /* MovieViewModel.swift */; };
		B172D676258BCDA2007D7FF2 /* TvShowViewModel.swift in Sources */ = {isa = PBXBuildFile; fileRef = B172D675258BCDA2007D7FF2 /* TvShowViewModel.swift */; };
		B172D67B258BCEF4007D7FF2 /* MovieCast.swift in Sources */ = {isa = PBXBuildFile; fileRef = B172D67A258BCEF4007D7FF2 /* MovieCast.swift */; };
		B172D67F258BCF40007D7FF2 /* TvShowCast.swift in Sources */ = {isa = PBXBuildFile; fileRef = B172D67E258BCF40007D7FF2 /* TvShowCast.swift */; };
		B172D686258BE9AC007D7FF2 /* DetailViewModel.swift in Sources */ = {isa = PBXBuildFile; fileRef = B172D685258BE9AC007D7FF2 /* DetailViewModel.swift */; };
		B178E5182578FE46009D6A7A /* MovieDetail.swift in Sources */ = {isa = PBXBuildFile; fileRef = B178E5172578FE46009D6A7A /* MovieDetail.swift */; };
		B18C7EAF2567C9B7009D0BFA /* DetailViewController.swift in Sources */ = {isa = PBXBuildFile; fileRef = B18C7EAE2567C9B7009D0BFA /* DetailViewController.swift */; };
		B18C7EC12568311B009D0BFA /* TvShow.swift in Sources */ = {isa = PBXBuildFile; fileRef = B18C7EC02568311B009D0BFA /* TvShow.swift */; };
		B1A04832258CAAC500559B6A /* CustomCell.swift in Sources */ = {isa = PBXBuildFile; fileRef = B1A04830258CAAC500559B6A /* CustomCell.swift */; };
		B1A04833258CAAC500559B6A /* CustomCell.xib in Resources */ = {isa = PBXBuildFile; fileRef = B1A04831258CAAC500559B6A /* CustomCell.xib */; };
		B1AF3DFC258CD4EE00532339 /* CastCell.swift in Sources */ = {isa = PBXBuildFile; fileRef = B1AF3DFA258CD4EE00532339 /* CastCell.swift */; };
		B1AF3DFD258CD4EE00532339 /* CastCell.xib in Resources */ = {isa = PBXBuildFile; fileRef = B1AF3DFB258CD4EE00532339 /* CastCell.xib */; };
		B1AF3E0A258D1F5600532339 /* CastCollectionViewCell.swift in Sources */ = {isa = PBXBuildFile; fileRef = B1AF3E08258D1F5600532339 /* CastCollectionViewCell.swift */; };
		B1AF3E0B258D1F5600532339 /* CastCollectionViewCell.xib in Resources */ = {isa = PBXBuildFile; fileRef = B1AF3E09258D1F5600532339 /* CastCollectionViewCell.xib */; };
		B1AF3E10258D39FC00532339 /* DetailCell.swift in Sources */ = {isa = PBXBuildFile; fileRef = B1AF3E0E258D39FC00532339 /* DetailCell.swift */; };
		B1AF3E11258D39FC00532339 /* DetailCell.xib in Resources */ = {isa = PBXBuildFile; fileRef = B1AF3E0F258D39FC00532339 /* DetailCell.xib */; };
/* End PBXBuildFile section */

/* Begin PBXFileReference section */
		63C31EA6AD6C89AA22251EF0 /* Pods_Movie_Application.framework */ = {isa = PBXFileReference; explicitFileType = wrapper.framework; includeInIndex = 0; path = Pods_Movie_Application.framework; sourceTree = BUILT_PRODUCTS_DIR; };
		AC6FC3E839BA828540D07ADF /* Pods-Movie Application.debug.xcconfig */ = {isa = PBXFileReference; includeInIndex = 1; lastKnownFileType = text.xcconfig; name = "Pods-Movie Application.debug.xcconfig"; path = "Target Support Files/Pods-Movie Application/Pods-Movie Application.debug.xcconfig"; sourceTree = "<group>"; };
		B134BCF8256D936000766AC4 /* Main.storyboard */ = {isa = PBXFileReference; fileEncoding = 4; lastKnownFileType = file.storyboard; path = Main.storyboard; sourceTree = "<group>"; };
		B1426B7C2551CC510019FE5A /* Movie Application.app */ = {isa = PBXFileReference; explicitFileType = wrapper.application; includeInIndex = 0; path = "Movie Application.app"; sourceTree = BUILT_PRODUCTS_DIR; };
		B1426B7F2551CC510019FE5A /* AppDelegate.swift */ = {isa = PBXFileReference; lastKnownFileType = sourcecode.swift; path = AppDelegate.swift; sourceTree = "<group>"; };
		B1426B812551CC510019FE5A /* SceneDelegate.swift */ = {isa = PBXFileReference; lastKnownFileType = sourcecode.swift; path = SceneDelegate.swift; sourceTree = "<group>"; };
		B1426B882551CC530019FE5A /* Assets.xcassets */ = {isa = PBXFileReference; lastKnownFileType = folder.assetcatalog; path = Assets.xcassets; sourceTree = "<group>"; };
		B1426B8B2551CC530019FE5A /* Base */ = {isa = PBXFileReference; lastKnownFileType = file.storyboard; name = Base; path = Base.lproj/LaunchScreen.storyboard; sourceTree = "<group>"; };
		B1426B8D2551CC530019FE5A /* Info.plist */ = {isa = PBXFileReference; lastKnownFileType = text.plist.xml; path = Info.plist; sourceTree = "<group>"; };
		B1426B972551E4AE0019FE5A /* TVShowViewController.swift */ = {isa = PBXFileReference; lastKnownFileType = sourcecode.swift; path = TVShowViewController.swift; sourceTree = "<group>"; };
		B1475CAD2553E83800A97B4B /* APIConstants.swift */ = {isa = PBXFileReference; lastKnownFileType = sourcecode.swift; path = APIConstants.swift; sourceTree = "<group>"; };
		B166A34E2563EE3800B39A95 /* Movie.swift */ = {isa = PBXFileReference; lastKnownFileType = sourcecode.swift; path = Movie.swift; sourceTree = "<group>"; };
		B17112EE257A157700D2967D /* TVShowDetails.swift */ = {isa = PBXFileReference; lastKnownFileType = sourcecode.swift; path = TVShowDetails.swift; sourceTree = "<group>"; };
		B172D658258B80F5007D7FF2 /* Type.swift */ = {isa = PBXFileReference; lastKnownFileType = sourcecode.swift; path = Type.swift; sourceTree = "<group>"; };
		B172D65D258B82F5007D7FF2 /* ImageLoader.swift */ = {isa = PBXFileReference; lastKnownFileType = sourcecode.swift; path = ImageLoader.swift; sourceTree = "<group>"; };
		B172D661258B858B007D7FF2 /* Endpoints.swift */ = {isa = PBXFileReference; lastKnownFileType = sourcecode.swift; path = Endpoints.swift; sourceTree = "<group>"; };
		B172D667258B8645007D7FF2 /* NetworkResponse.swift */ = {isa = PBXFileReference; lastKnownFileType = sourcecode.swift; path = NetworkResponse.swift; sourceTree = "<group>"; };
		B172D66A258B8679007D7FF2 /* NetworkError.swift */ = {isa = PBXFileReference; lastKnownFileType = sourcecode.swift; path = NetworkError.swift; sourceTree = "<group>"; };
		B172D66D258BA4B2007D7FF2 /* MovieViewController.swift */ = {isa = PBXFileReference; lastKnownFileType = sourcecode.swift; path = MovieViewController.swift; sourceTree = "<group>"; };
		B172D670258BA965007D7FF2 /* MovieViewModel.swift */ = {isa = PBXFileReference; lastKnownFileType = sourcecode.swift; path = MovieViewModel.swift; sourceTree = "<group>"; };
		B172D675258BCDA2007D7FF2 /* TvShowViewModel.swift */ = {isa = PBXFileReference; lastKnownFileType = sourcecode.swift; path = TvShowViewModel.swift; sourceTree = "<group>"; };
		B172D67A258BCEF4007D7FF2 /* MovieCast.swift */ = {isa = PBXFileReference; lastKnownFileType = sourcecode.swift; path = MovieCast.swift; sourceTree = "<group>"; };
		B172D67E258BCF40007D7FF2 /* TvShowCast.swift */ = {isa = PBXFileReference; lastKnownFileType = sourcecode.swift; path = TvShowCast.swift; sourceTree = "<group>"; };
		B172D685258BE9AC007D7FF2 /* DetailViewModel.swift */ = {isa = PBXFileReference; lastKnownFileType = sourcecode.swift; path = DetailViewModel.swift; sourceTree = "<group>"; };
		B178E5172578FE46009D6A7A /* MovieDetail.swift */ = {isa = PBXFileReference; lastKnownFileType = sourcecode.swift; path = MovieDetail.swift; sourceTree = "<group>"; };
		B188310F2552D24700981382 /* APIRequests.swift */ = {isa = PBXFileReference; lastKnownFileType = sourcecode.swift; path = APIRequests.swift; sourceTree = "<group>"; };
		B18C7EAE2567C9B7009D0BFA /* DetailViewController.swift */ = {isa = PBXFileReference; lastKnownFileType = sourcecode.swift; path = DetailViewController.swift; sourceTree = "<group>"; };
		B18C7EC02568311B009D0BFA /* TvShow.swift */ = {isa = PBXFileReference; lastKnownFileType = sourcecode.swift; path = TvShow.swift; sourceTree = "<group>"; };
		B1A04830258CAAC500559B6A /* CustomCell.swift */ = {isa = PBXFileReference; lastKnownFileType = sourcecode.swift; path = CustomCell.swift; sourceTree = "<group>"; };
		B1A04831258CAAC500559B6A /* CustomCell.xib */ = {isa = PBXFileReference; lastKnownFileType = file.xib; path = CustomCell.xib; sourceTree = "<group>"; };
		B1AF3DFA258CD4EE00532339 /* CastCell.swift */ = {isa = PBXFileReference; lastKnownFileType = sourcecode.swift; path = CastCell.swift; sourceTree = "<group>"; };
		B1AF3DFB258CD4EE00532339 /* CastCell.xib */ = {isa = PBXFileReference; lastKnownFileType = file.xib; path = CastCell.xib; sourceTree = "<group>"; };
		B1AF3E08258D1F5600532339 /* CastCollectionViewCell.swift */ = {isa = PBXFileReference; lastKnownFileType = sourcecode.swift; path = CastCollectionViewCell.swift; sourceTree = "<group>"; };
		B1AF3E09258D1F5600532339 /* CastCollectionViewCell.xib */ = {isa = PBXFileReference; lastKnownFileType = file.xib; path = CastCollectionViewCell.xib; sourceTree = "<group>"; };
		B1AF3E0E258D39FC00532339 /* DetailCell.swift */ = {isa = PBXFileReference; lastKnownFileType = sourcecode.swift; path = DetailCell.swift; sourceTree = "<group>"; };
		B1AF3E0F258D39FC00532339 /* DetailCell.xib */ = {isa = PBXFileReference; lastKnownFileType = file.xib; path = DetailCell.xib; sourceTree = "<group>"; };
		C92E2DB0A0C7BE96549F028A /* Pods-Movie Application.release.xcconfig */ = {isa = PBXFileReference; includeInIndex = 1; lastKnownFileType = text.xcconfig; name = "Pods-Movie Application.release.xcconfig"; path = "Target Support Files/Pods-Movie Application/Pods-Movie Application.release.xcconfig"; sourceTree = "<group>"; };
/* End PBXFileReference section */

/* Begin PBXFrameworksBuildPhase section */
		B1426B792551CC510019FE5A /* Frameworks */ = {
			isa = PBXFrameworksBuildPhase;
			buildActionMask = 2147483647;
			files = (
				1CD45F466328ECBCAD818B10 /* Pods_Movie_Application.framework in Frameworks */,
			);
			runOnlyForDeploymentPostprocessing = 0;
		};
/* End PBXFrameworksBuildPhase section */

/* Begin PBXGroup section */
		25CB4EE530F3C285637195B2 /* Frameworks */ = {
			isa = PBXGroup;
			children = (
				63C31EA6AD6C89AA22251EF0 /* Pods_Movie_Application.framework */,
			);
			name = Frameworks;
			sourceTree = "<group>";
		};
		5C9991C1F8FA9B4A0A5543BE /* Pods */ = {
			isa = PBXGroup;
			children = (
				AC6FC3E839BA828540D07ADF /* Pods-Movie Application.debug.xcconfig */,
				C92E2DB0A0C7BE96549F028A /* Pods-Movie Application.release.xcconfig */,
			);
			path = Pods;
			sourceTree = "<group>";
		};
		B1426B732551CC510019FE5A = {
			isa = PBXGroup;
			children = (
				B1426B7E2551CC510019FE5A /* Movie Application */,
				B1426B7D2551CC510019FE5A /* Products */,
				5C9991C1F8FA9B4A0A5543BE /* Pods */,
				25CB4EE530F3C285637195B2 /* Frameworks */,
			);
			sourceTree = "<group>";
		};
		B1426B7D2551CC510019FE5A /* Products */ = {
			isa = PBXGroup;
			children = (
				B1426B7C2551CC510019FE5A /* Movie Application.app */,
			);
			name = Products;
			sourceTree = "<group>";
		};
		B1426B7E2551CC510019FE5A /* Movie Application */ = {
			isa = PBXGroup;
			children = (
				B1426B7F2551CC510019FE5A /* AppDelegate.swift */,
				B1426B812551CC510019FE5A /* SceneDelegate.swift */,
				B134BCF8256D936000766AC4 /* Main.storyboard */,
				B172D665258B85FA007D7FF2 /* WebService */,
				B1901E31255970E50018294F /* Cells */,
				B1475CA42553DDAE00A97B4B /* ViewController */,
				B172D673258BA977007D7FF2 /* ViewModel */,
				B1698C7A256BB06C00B3B3A2 /* Model */,
				B172D65B258B8184007D7FF2 /* Helpers */,
				B1426B882551CC530019FE5A /* Assets.xcassets */,
				B1426B8A2551CC530019FE5A /* LaunchScreen.storyboard */,
				B1426B8D2551CC530019FE5A /* Info.plist */,
			);
			path = "Movie Application";
			sourceTree = "<group>";
		};
		B1475CA42553DDAE00A97B4B /* ViewController */ = {
			isa = PBXGroup;
			children = (
				B1426B972551E4AE0019FE5A /* TVShowViewController.swift */,
				B18C7EAE2567C9B7009D0BFA /* DetailViewController.swift */,
				B172D66D258BA4B2007D7FF2 /* MovieViewController.swift */,
			);
			path = ViewController;
			sourceTree = "<group>";
		};
		B1698C7A256BB06C00B3B3A2 /* Model */ = {
			isa = PBXGroup;
			children = (
				B166A34E2563EE3800B39A95 /* Movie.swift */,
				B18C7EC02568311B009D0BFA /* TvShow.swift */,
				B178E5172578FE46009D6A7A /* MovieDetail.swift */,
				B172D67A258BCEF4007D7FF2 /* MovieCast.swift */,
				B17112EE257A157700D2967D /* TVShowDetails.swift */,
				B172D67E258BCF40007D7FF2 /* TvShowCast.swift */,
			);
			path = Model;
			sourceTree = "<group>";
		};
		B172D65B258B8184007D7FF2 /* Helpers */ = {
			isa = PBXGroup;
			children = (
				B1475CAD2553E83800A97B4B /* APIConstants.swift */,
				B172D65D258B82F5007D7FF2 /* ImageLoader.swift */,
				B172D658258B80F5007D7FF2 /* Type.swift */,
			);
			path = Helpers;
			sourceTree = "<group>";
		};
		B172D665258B85FA007D7FF2 /* WebService */ = {
			isa = PBXGroup;
			children = (
				B188310F2552D24700981382 /* APIRequests.swift */,
				B172D661258B858B007D7FF2 /* Endpoints.swift */,
				B172D667258B8645007D7FF2 /* NetworkResponse.swift */,
				B172D66A258B8679007D7FF2 /* NetworkError.swift */,
			);
			path = WebService;
			sourceTree = "<group>";
		};
		B172D673258BA977007D7FF2 /* ViewModel */ = {
			isa = PBXGroup;
			children = (
				B172D675258BCDA2007D7FF2 /* TvShowViewModel.swift */,
				B172D685258BE9AC007D7FF2 /* DetailViewModel.swift */,
				B172D670258BA965007D7FF2 /* MovieViewModel.swift */,
			);
			path = ViewModel;
			sourceTree = "<group>";
		};
		B1901E31255970E50018294F /* Cells */ = {
			isa = PBXGroup;
			children = (
				B1A04830258CAAC500559B6A /* CustomCell.swift */,
				B1A04831258CAAC500559B6A /* CustomCell.xib */,
				B1AF3DFA258CD4EE00532339 /* CastCell.swift */,
				B1AF3DFB258CD4EE00532339 /* CastCell.xib */,
				B1AF3E0E258D39FC00532339 /* DetailCell.swift */,
				B1AF3E0F258D39FC00532339 /* DetailCell.xib */,
				B1AF3E08258D1F5600532339 /* CastCollectionViewCell.swift */,
				B1AF3E09258D1F5600532339 /* CastCollectionViewCell.xib */,
			);
			path = Cells;
			sourceTree = "<group>";
		};
/* End PBXGroup section */

/* Begin PBXNativeTarget section */
		B1426B7B2551CC510019FE5A /* Movie Application */ = {
			isa = PBXNativeTarget;
			buildConfigurationList = B1426B902551CC530019FE5A /* Build configuration list for PBXNativeTarget "Movie Application" */;
			buildPhases = (
				F5BBA218C15A32D57FDCE676 /* [CP] Check Pods Manifest.lock */,
				B1426B782551CC510019FE5A /* Sources */,
				B1426B792551CC510019FE5A /* Frameworks */,
				B1426B7A2551CC510019FE5A /* Resources */,
				8AAB8CB89F526988C54DDF31 /* [CP] Embed Pods Frameworks */,
			);
			buildRules = (
			);
			dependencies = (
			);
			name = "Movie Application";
			productName = "Movie Application";
			productReference = B1426B7C2551CC510019FE5A /* Movie Application.app */;
			productType = "com.apple.product-type.application";
		};
/* End PBXNativeTarget section */

/* Begin PBXProject section */
		B1426B742551CC510019FE5A /* Project object */ = {
			isa = PBXProject;
			attributes = {
				LastSwiftUpdateCheck = 1210;
				LastUpgradeCheck = 1210;
				TargetAttributes = {
					B1426B7B2551CC510019FE5A = {
						CreatedOnToolsVersion = 12.1;
					};
				};
			};
			buildConfigurationList = B1426B772551CC510019FE5A /* Build configuration list for PBXProject "Movie Application" */;
			compatibilityVersion = "Xcode 9.3";
			developmentRegion = en;
			hasScannedForEncodings = 0;
			knownRegions = (
				en,
				Base,
			);
			mainGroup = B1426B732551CC510019FE5A;
			productRefGroup = B1426B7D2551CC510019FE5A /* Products */;
			projectDirPath = "";
			projectRoot = "";
			targets = (
				B1426B7B2551CC510019FE5A /* Movie Application */,
			);
		};
/* End PBXProject section */

/* Begin PBXResourcesBuildPhase section */
		B1426B7A2551CC510019FE5A /* Resources */ = {
			isa = PBXResourcesBuildPhase;
			buildActionMask = 2147483647;
			files = (
				B1A04833258CAAC500559B6A /* CustomCell.xib in Resources */,
				B1426B8C2551CC530019FE5A /* LaunchScreen.storyboard in Resources */,
				B1AF3E11258D39FC00532339 /* DetailCell.xib in Resources */,
				B1426B892551CC530019FE5A /* Assets.xcassets in Resources */,
				B1AF3DFD258CD4EE00532339 /* CastCell.xib in Resources */,
				B1AF3E0B258D1F5600532339 /* CastCollectionViewCell.xib in Resources */,
				B134BCF9256D936000766AC4 /* Main.storyboard in Resources */,
			);
			runOnlyForDeploymentPostprocessing = 0;
		};
/* End PBXResourcesBuildPhase section */

/* Begin PBXShellScriptBuildPhase section */
		8AAB8CB89F526988C54DDF31 /* [CP] Embed Pods Frameworks */ = {
			isa = PBXShellScriptBuildPhase;
			buildActionMask = 2147483647;
			files = (
			);
			inputFileListPaths = (
				"${PODS_ROOT}/Target Support Files/Pods-Movie Application/Pods-Movie Application-frameworks-${CONFIGURATION}-input-files.xcfilelist",
			);
			name = "[CP] Embed Pods Frameworks";
			outputFileListPaths = (
				"${PODS_ROOT}/Target Support Files/Pods-Movie Application/Pods-Movie Application-frameworks-${CONFIGURATION}-output-files.xcfilelist",
			);
			runOnlyForDeploymentPostprocessing = 0;
			shellPath = /bin/sh;
			shellScript = "\"${PODS_ROOT}/Target Support Files/Pods-Movie Application/Pods-Movie Application-frameworks.sh\"\n";
			showEnvVarsInLog = 0;
		};
		F5BBA218C15A32D57FDCE676 /* [CP] Check Pods Manifest.lock */ = {
			isa = PBXShellScriptBuildPhase;
			buildActionMask = 2147483647;
			files = (
			);
			inputFileListPaths = (
			);
			inputPaths = (
				"${PODS_PODFILE_DIR_PATH}/Podfile.lock",
				"${PODS_ROOT}/Manifest.lock",
			);
			name = "[CP] Check Pods Manifest.lock";
			outputFileListPaths = (
			);
			outputPaths = (
				"$(DERIVED_FILE_DIR)/Pods-Movie Application-checkManifestLockResult.txt",
			);
			runOnlyForDeploymentPostprocessing = 0;
			shellPath = /bin/sh;
			shellScript = "diff \"${PODS_PODFILE_DIR_PATH}/Podfile.lock\" \"${PODS_ROOT}/Manifest.lock\" > /dev/null\nif [ $? != 0 ] ; then\n    # print error to STDERR\n    echo \"error: The sandbox is not in sync with the Podfile.lock. Run 'pod install' or update your CocoaPods installation.\" >&2\n    exit 1\nfi\n# This output is used by Xcode 'outputs' to avoid re-running this script phase.\necho \"SUCCESS\" > \"${SCRIPT_OUTPUT_FILE_0}\"\n";
			showEnvVarsInLog = 0;
		};
/* End PBXShellScriptBuildPhase section */

/* Begin PBXSourcesBuildPhase section */
		B1426B782551CC510019FE5A /* Sources */ = {
			isa = PBXSourcesBuildPhase;
			buildActionMask = 2147483647;
			files = (
				B16F1718255D248700D427E4 /* APIRequests.swift in Sources */,
				B1AF3E0A258D1F5600532339 /* CastCollectionViewCell.swift in Sources */,
				B172D662258B858B007D7FF2 /* Endpoints.swift in Sources */,
				B17112EF257A157700D2967D /* TVShowDetails.swift in Sources */,
				B172D67F258BCF40007D7FF2 /* TvShowCast.swift in Sources */,
				B172D67B258BCEF4007D7FF2 /* MovieCast.swift in Sources */,
				B166A34F2563EE3800B39A95 /* Movie.swift in Sources */,
				B172D671258BA965007D7FF2 /* MovieViewModel.swift in Sources */,
				B172D668258B8645007D7FF2 /* NetworkResponse.swift in Sources */,
				B1426B802551CC510019FE5A /* AppDelegate.swift in Sources */,
				B1AF3DFC258CD4EE00532339 /* CastCell.swift in Sources */,
				B1AF3E10258D39FC00532339 /* DetailCell.swift in Sources */,
				B172D659258B80F5007D7FF2 /* Type.swift in Sources */,
				B172D65E258B82F5007D7FF2 /* ImageLoader.swift in Sources */,
				B172D686258BE9AC007D7FF2 /* DetailViewModel.swift in Sources */,
				B1426B982551E4AE0019FE5A /* TVShowViewController.swift in Sources */,
				B18C7EC12568311B009D0BFA /* TvShow.swift in Sources */,
				B172D66E258BA4B2007D7FF2 /* MovieViewController.swift in Sources */,
				B1475CAE2553E83800A97B4B /* APIConstants.swift in Sources */,
				B1426B822551CC510019FE5A /* SceneDelegate.swift in Sources */,
				B172D676258BCDA2007D7FF2 /* TvShowViewModel.swift in Sources */,
				B178E5182578FE46009D6A7A /* MovieDetail.swift in Sources */,
				B18C7EAF2567C9B7009D0BFA /* DetailViewController.swift in Sources */,
				B1A04832258CAAC500559B6A /* CustomCell.swift in Sources */,
				B172D66B258B8679007D7FF2 /* NetworkError.swift in Sources */,
			);
			runOnlyForDeploymentPostprocessing = 0;
		};
/* End PBXSourcesBuildPhase section */

/* Begin PBXVariantGroup section */
		B1426B8A2551CC530019FE5A /* LaunchScreen.storyboard */ = {
			isa = PBXVariantGroup;
			children = (
				B1426B8B2551CC530019FE5A /* Base */,
			);
			name = LaunchScreen.storyboard;
			sourceTree = "<group>";
		};
/* End PBXVariantGroup section */

/* Begin XCBuildConfiguration section */
		B1426B8E2551CC530019FE5A /* Debug */ = {
			isa = XCBuildConfiguration;
			buildSettings = {
				ALWAYS_SEARCH_USER_PATHS = NO;
				CLANG_ANALYZER_NONNULL = YES;
				CLANG_ANALYZER_NUMBER_OBJECT_CONVERSION = YES_AGGRESSIVE;
				CLANG_CXX_LANGUAGE_STANDARD = "gnu++14";
				CLANG_CXX_LIBRARY = "libc++";
				CLANG_ENABLE_MODULES = YES;
				CLANG_ENABLE_OBJC_ARC = YES;
				CLANG_ENABLE_OBJC_WEAK = YES;
				CLANG_WARN_BLOCK_CAPTURE_AUTORELEASING = YES;
				CLANG_WARN_BOOL_CONVERSION = YES;
				CLANG_WARN_COMMA = YES;
				CLANG_WARN_CONSTANT_CONVERSION = YES;
				CLANG_WARN_DEPRECATED_OBJC_IMPLEMENTATIONS = YES;
				CLANG_WARN_DIRECT_OBJC_ISA_USAGE = YES_ERROR;
				CLANG_WARN_DOCUMENTATION_COMMENTS = YES;
				CLANG_WARN_EMPTY_BODY = YES;
				CLANG_WARN_ENUM_CONVERSION = YES;
				CLANG_WARN_INFINITE_RECURSION = YES;
				CLANG_WARN_INT_CONVERSION = YES;
				CLANG_WARN_NON_LITERAL_NULL_CONVERSION = YES;
				CLANG_WARN_OBJC_IMPLICIT_RETAIN_SELF = YES;
				CLANG_WARN_OBJC_LITERAL_CONVERSION = YES;
				CLANG_WARN_OBJC_ROOT_CLASS = YES_ERROR;
				CLANG_WARN_QUOTED_INCLUDE_IN_FRAMEWORK_HEADER = YES;
				CLANG_WARN_RANGE_LOOP_ANALYSIS = YES;
				CLANG_WARN_STRICT_PROTOTYPES = YES;
				CLANG_WARN_SUSPICIOUS_MOVE = YES;
				CLANG_WARN_UNGUARDED_AVAILABILITY = YES_AGGRESSIVE;
				CLANG_WARN_UNREACHABLE_CODE = YES;
				CLANG_WARN__DUPLICATE_METHOD_MATCH = YES;
				COPY_PHASE_STRIP = NO;
				DEBUG_INFORMATION_FORMAT = dwarf;
				ENABLE_STRICT_OBJC_MSGSEND = YES;
				ENABLE_TESTABILITY = YES;
				GCC_C_LANGUAGE_STANDARD = gnu11;
				GCC_DYNAMIC_NO_PIC = NO;
				GCC_NO_COMMON_BLOCKS = YES;
				GCC_OPTIMIZATION_LEVEL = 0;
				GCC_PREPROCESSOR_DEFINITIONS = (
					"DEBUG=1",
					"$(inherited)",
				);
				GCC_WARN_64_TO_32_BIT_CONVERSION = YES;
				GCC_WARN_ABOUT_RETURN_TYPE = YES_ERROR;
				GCC_WARN_UNDECLARED_SELECTOR = YES;
				GCC_WARN_UNINITIALIZED_AUTOS = YES_AGGRESSIVE;
				GCC_WARN_UNUSED_FUNCTION = YES;
				GCC_WARN_UNUSED_VARIABLE = YES;
				IPHONEOS_DEPLOYMENT_TARGET = 14.1;
				MTL_ENABLE_DEBUG_INFO = INCLUDE_SOURCE;
				MTL_FAST_MATH = YES;
				ONLY_ACTIVE_ARCH = YES;
				SDKROOT = iphoneos;
				SWIFT_ACTIVE_COMPILATION_CONDITIONS = DEBUG;
				SWIFT_OPTIMIZATION_LEVEL = "-Onone";
			};
			name = Debug;
		};
		B1426B8F2551CC530019FE5A /* Release */ = {
			isa = XCBuildConfiguration;
			buildSettings = {
				ALWAYS_SEARCH_USER_PATHS = NO;
				CLANG_ANALYZER_NONNULL = YES;
				CLANG_ANALYZER_NUMBER_OBJECT_CONVERSION = YES_AGGRESSIVE;
				CLANG_CXX_LANGUAGE_STANDARD = "gnu++14";
				CLANG_CXX_LIBRARY = "libc++";
				CLANG_ENABLE_MODULES = YES;
				CLANG_ENABLE_OBJC_ARC = YES;
				CLANG_ENABLE_OBJC_WEAK = YES;
				CLANG_WARN_BLOCK_CAPTURE_AUTORELEASING = YES;
				CLANG_WARN_BOOL_CONVERSION = YES;
				CLANG_WARN_COMMA = YES;
				CLANG_WARN_CONSTANT_CONVERSION = YES;
				CLANG_WARN_DEPRECATED_OBJC_IMPLEMENTATIONS = YES;
				CLANG_WARN_DIRECT_OBJC_ISA_USAGE = YES_ERROR;
				CLANG_WARN_DOCUMENTATION_COMMENTS = YES;
				CLANG_WARN_EMPTY_BODY = YES;
				CLANG_WARN_ENUM_CONVERSION = YES;
				CLANG_WARN_INFINITE_RECURSION = YES;
				CLANG_WARN_INT_CONVERSION = YES;
				CLANG_WARN_NON_LITERAL_NULL_CONVERSION = YES;
				CLANG_WARN_OBJC_IMPLICIT_RETAIN_SELF = YES;
				CLANG_WARN_OBJC_LITERAL_CONVERSION = YES;
				CLANG_WARN_OBJC_ROOT_CLASS = YES_ERROR;
				CLANG_WARN_QUOTED_INCLUDE_IN_FRAMEWORK_HEADER = YES;
				CLANG_WARN_RANGE_LOOP_ANALYSIS = YES;
				CLANG_WARN_STRICT_PROTOTYPES = YES;
				CLANG_WARN_SUSPICIOUS_MOVE = YES;
				CLANG_WARN_UNGUARDED_AVAILABILITY = YES_AGGRESSIVE;
				CLANG_WARN_UNREACHABLE_CODE = YES;
				CLANG_WARN__DUPLICATE_METHOD_MATCH = YES;
				COPY_PHASE_STRIP = NO;
				DEBUG_INFORMATION_FORMAT = "dwarf-with-dsym";
				ENABLE_NS_ASSERTIONS = NO;
				ENABLE_STRICT_OBJC_MSGSEND = YES;
				GCC_C_LANGUAGE_STANDARD = gnu11;
				GCC_NO_COMMON_BLOCKS = YES;
				GCC_WARN_64_TO_32_BIT_CONVERSION = YES;
				GCC_WARN_ABOUT_RETURN_TYPE = YES_ERROR;
				GCC_WARN_UNDECLARED_SELECTOR = YES;
				GCC_WARN_UNINITIALIZED_AUTOS = YES_AGGRESSIVE;
				GCC_WARN_UNUSED_FUNCTION = YES;
				GCC_WARN_UNUSED_VARIABLE = YES;
				IPHONEOS_DEPLOYMENT_TARGET = 14.1;
				MTL_ENABLE_DEBUG_INFO = NO;
				MTL_FAST_MATH = YES;
				SDKROOT = iphoneos;
				SWIFT_COMPILATION_MODE = wholemodule;
				SWIFT_OPTIMIZATION_LEVEL = "-O";
				VALIDATE_PRODUCT = YES;
			};
			name = Release;
		};
		B1426B912551CC530019FE5A /* Debug */ = {
			isa = XCBuildConfiguration;
			baseConfigurationReference = AC6FC3E839BA828540D07ADF /* Pods-Movie Application.debug.xcconfig */;
			buildSettings = {
				ASSETCATALOG_COMPILER_APPICON_NAME = AppIcon;
				ASSETCATALOG_COMPILER_GLOBAL_ACCENT_COLOR_NAME = AccentColor;
				CODE_SIGN_STYLE = Automatic;
				DEVELOPMENT_TEAM = 7292WM7M53;
				INFOPLIST_FILE = "Movie Application/Info.plist";
				LD_RUNPATH_SEARCH_PATHS = (
					"$(inherited)",
					"@executable_path/Frameworks",
				);
				PRODUCT_BUNDLE_IDENTIFIER = "Xcode.Movie-Application";
				PRODUCT_NAME = "$(TARGET_NAME)";
				SWIFT_VERSION = 5.0;
				TARGETED_DEVICE_FAMILY = "1,2";
			};
			name = Debug;
		};
		B1426B922551CC530019FE5A /* Release */ = {
			isa = XCBuildConfiguration;
			baseConfigurationReference = C92E2DB0A0C7BE96549F028A /* Pods-Movie Application.release.xcconfig */;
			buildSettings = {
				ASSETCATALOG_COMPILER_APPICON_NAME = AppIcon;
				ASSETCATALOG_COMPILER_GLOBAL_ACCENT_COLOR_NAME = AccentColor;
				CODE_SIGN_STYLE = Automatic;
				DEVELOPMENT_TEAM = 7292WM7M53;
				INFOPLIST_FILE = "Movie Application/Info.plist";
				LD_RUNPATH_SEARCH_PATHS = (
					"$(inherited)",
					"@executable_path/Frameworks",
				);
				PRODUCT_BUNDLE_IDENTIFIER = "Xcode.Movie-Application";
				PRODUCT_NAME = "$(TARGET_NAME)";
				SWIFT_VERSION = 5.0;
				TARGETED_DEVICE_FAMILY = "1,2";
			};
			name = Release;
		};
/* End XCBuildConfiguration section */

/* Begin XCConfigurationList section */
		B1426B772551CC510019FE5A /* Build configuration list for PBXProject "Movie Application" */ = {
			isa = XCConfigurationList;
			buildConfigurations = (
				B1426B8E2551CC530019FE5A /* Debug */,
				B1426B8F2551CC530019FE5A /* Release */,
			);
			defaultConfigurationIsVisible = 0;
			defaultConfigurationName = Release;
		};
		B1426B902551CC530019FE5A /* Build configuration list for PBXNativeTarget "Movie Application" */ = {
			isa = XCConfigurationList;
			buildConfigurations = (
				B1426B912551CC530019FE5A /* Debug */,
				B1426B922551CC530019FE5A /* Release */,
			);
			defaultConfigurationIsVisible = 0;
			defaultConfigurationName = Release;
		};
/* End XCConfigurationList section */
	};
	rootObject = B1426B742551CC510019FE5A /* Project object */;
}
